
Microsoft Visual Studio Solution File, Format Version 12.00
# Visual Studio 14
VisualStudioVersion = 14.0.25123.0
MinimumVisualStudioVersion = 10.0.40219.1
Project("{FAE04EC0-301F-11D3-BF4B-00C04F79EFBC}") = "HangulLib", "HangulLib\HangulLib.csproj", "{EBB01959-302A-4802-9EC6-63652D668E1E}"
EndProject
Project("{FAE04EC0-301F-11D3-BF4B-00C04F79EFBC}") = "HangulLib.Sample", "HangulLib.Sample\HangulLib.Sample.csproj", "{90A95E43-D52C-4D3A-9D68-36254B404AD1}"
EndProject
Global
	GlobalSection(SolutionConfigurationPlatforms) = preSolution
		Debug|Any CPU = Debug|Any CPU
		Release|Any CPU = Release|Any CPU
	EndGlobalSection
	GlobalSection(ProjectConfigurationPlatforms) = postSolution
		{EBB01959-302A-4802-9EC6-63652D668E1E}.Debug|Any CPU.ActiveCfg = Debug|Any CPU
		{EBB01959-302A-4802-9EC6-63652D668E1E}.Debug|Any CPU.Build.0 = Debug|Any CPU
		{EBB01959-302A-4802-9EC6-63652D668E1E}.Release|Any CPU.ActiveCfg = Release|Any CPU
		{EBB01959-302A-4802-9EC6-63652D668E1E}.Release|Any CPU.Build.0 = Release|Any CPU
		{90A95E43-D52C-4D3A-9D68-36254B404AD1}.Debug|Any CPU.ActiveCfg = Debug|Any CPU
		{90A95E43-D52C-4D3A-9D68-36254B404AD1}.Debug|Any CPU.Build.0 = Debug|Any CPU
		{90A95E43-D52C-4D3A-9D68-36254B404AD1}.Release|Any CPU.ActiveCfg = Release|Any CPU
		{90A95E43-D52C-4D3A-9D68-36254B404AD1}.Release|Any CPU.Build.0 = Release|Any CPU
	EndGlobalSection
	GlobalSection(SolutionProperties) = preSolution
		HideSolutionNode = FALSE
	EndGlobalSection
EndGlobal
