
Microsoft Visual Studio Solution File, Format Version 12.00
# Visual Studio 14
VisualStudioVersion = 14.0.25123.0
MinimumVisualStudioVersion = 10.0.40219.1
Project("{FAE04EC0-301F-11D3-BF4B-00C04F79EFBC}") = "AlphabeticalSort", "AlphabeticalSort\AlphabeticalSort.csproj", "{5FB0F6C2-69C7-4238-94D1-A1AA58FB9521}"
EndProject
Global
	GlobalSection(SolutionConfigurationPlatforms) = preSolution
		Debug|Any CPU = Debug|Any CPU
		Release|Any CPU = Release|Any CPU
	EndGlobalSection
	GlobalSection(ProjectConfigurationPlatforms) = postSolution
		{5FB0F6C2-69C7-4238-94D1-A1AA58FB9521}.Debug|Any CPU.ActiveCfg = Debug|Any CPU
		{5FB0F6C2-69C7-4238-94D1-A1AA58FB9521}.Debug|Any CPU.Build.0 = Debug|Any CPU
		{5FB0F6C2-69C7-4238-94D1-A1AA58FB9521}.Release|Any CPU.ActiveCfg = Release|Any CPU
		{5FB0F6C2-69C7-4238-94D1-A1AA58FB9521}.Release|Any CPU.Build.0 = Release|Any CPU
	EndGlobalSection
	GlobalSection(SolutionProperties) = preSolution
		HideSolutionNode = FALSE
	EndGlobalSection
EndGlobal
